PODS:
  - Flutter (1.0.0)
  - geolocator_apple (1.2.0):
    - Flutter
  - yandex_mapkit (0.0.1):
    - Flutter
    - YandexMapsMobile (= 4.4.0-full)
  - YandexMapsMobile (4.4.0-full)

DEPENDENCIES:
  - Flutter (from `Flutter`)
  - geolocator_apple (from `.symlinks/plugins/geolocator_apple/ios`)
  - yandex_mapkit (from `.symlinks/plugins/yandex_mapkit/ios`)

SPEC REPOS:
  trunk:
    - YandexMapsMobile

EXTERNAL SOURCES:
  Flutter:
    :path: Flutter
  geolocator_apple:
    :path: ".symlinks/plugins/geolocator_apple/ios"
  yandex_mapkit:
    :path: ".symlinks/plugins/yandex_mapkit/ios"

SPEC CHECKSUMS:
  Flutter: e0871f40cf51350855a761d2e70bf5af5b9b5de7
  geolocator_apple: 6cbaf322953988e009e5ecb481f07efece75c450
  yandex_mapkit: 5ab063b9cb8ef57b40bb02bf3dec3ec324ef50c9
  YandexMapsMobile: a76ddceccf2d78f9f1034d07a354810cd21ef21a

PODFILE CHECKSUM: 9ff5d6418a8ab26363fb3bb44a1c6df0ae71f240

COCOAPODS: 1.15.2
